PODS:
  - Google-Mobile-Ads-SDK (7.35.2)

DEPENDENCIES:
  - Google-Mobile-Ads-SDK

SPEC REPOS:
  https://github.com/cocoapods/specs.git:
    - Google-Mobile-Ads-SDK

SPEC CHECKSUMS:
  Google-Mobile-Ads-SDK: 8f07cc8eac6649fe648cabc97d67c8d20173624a

PODFILE CHECKSUM: 06f2737ce3f779c3675c7b342dce4ccab5789f24

COCOAPODS: 1.5.3
