// !$*UTF8*$!
{
	archiveVersion = 1;
	classes = {
	};
	objectVersion = 54;
	objects = {

/* Begin PBXBuildFile section */
		6908F08520D78D850046F806 /* CalendarViewController.swift in Sources */ = {isa = PBXBuildFile; fileRef = 6908F08420D78D850046F806 /* CalendarViewController.swift */; };
		6908F08720D78DC00046F806 /* Item.swift in Sources */ = {isa = PBXBuildFile; fileRef = 6908F08620D78DC00046F806 /* Item.swift */; };
		6908F08B20D78DD60046F806 /* UPCarouselFlowLayout.swift in Sources */ = {isa = PBXBuildFile; fileRef = 6908F08820D78DD60046F806 /* UPCarouselFlowLayout.swift */; };
		6908F08C20D78DD60046F806 /* PopupDelegate.swift in Sources */ = {isa = PBXBuildFile; fileRef = 6908F08920D78DD60046F806 /* PopupDelegate.swift */; };
		6908F08D20D78DD60046F806 /* CalendarDelegate.swift in Sources */ = {isa = PBXBuildFile; fileRef = 6908F08A20D78DD60046F806 /* CalendarDelegate.swift */; };
		691AD8C0262043EB00EE6F95 /* BackupRestoreViewController.swift in Sources */ = {isa = PBXBuildFile; fileRef = 691AD8BF262043EB00EE6F95 /* BackupRestoreViewController.swift */; };
		69225F4D22D5FB9600A6109A /* Assets.xcassets in Resources */ = {isa = PBXBuildFile; fileRef = 69225F4C22D5FB9600A6109A /* Assets.xcassets */; };
		69229C2D2678BCAD001CF217 /* GoogleService-Info.plist in Resources */ = {isa = PBXBuildFile; fileRef = 69229C2C2678BCAD001CF217 /* GoogleService-Info.plist */; };
		692A15182B0928BC00223B41 /* NewsListViewController.swift in Sources */ = {isa = PBXBuildFile; fileRef = 692A15172B0928BC00223B41 /* NewsListViewController.swift */; };
		692A151A2B0928EE00223B41 /* NewsInfo.swift in Sources */ = {isa = PBXBuildFile; fileRef = 692A15192B0928EE00223B41 /* NewsInfo.swift */; };
		692A151C2B0929EA00223B41 /* NewsListCell.swift in Sources */ = {isa = PBXBuildFile; fileRef = 692A151B2B0929EA00223B41 /* NewsListCell.swift */; };
		692A151E2B092A7A00223B41 /* NewsDetailViewController.swift in Sources */ = {isa = PBXBuildFile; fileRef = 692A151D2B092A7A00223B41 /* NewsDetailViewController.swift */; };
		692A15202B092B9C00223B41 /* NewsListBigImageCell.swift in Sources */ = {isa = PBXBuildFile; fileRef = 692A151F2B092B9C00223B41 /* NewsListBigImageCell.swift */; };
		692A15242B092DA700223B41 /* NewsListBigImageCell.xib in Resources */ = {isa = PBXBuildFile; fileRef = 692A15232B092DA700223B41 /* NewsListBigImageCell.xib */; };
		692A15262B09300B00223B41 /* NativeAdBigCell.xib in Resources */ = {isa = PBXBuildFile; fileRef = 692A15252B09300B00223B41 /* NativeAdBigCell.xib */; };
		692A15282B09307500223B41 /* NativeAdCell.xib in Resources */ = {isa = PBXBuildFile; fileRef = 692A15272B09307500223B41 /* NativeAdCell.xib */; };
		692A152A2B0930D600223B41 /* NativeAdBigCell.swift in Sources */ = {isa = PBXBuildFile; fileRef = 692A15292B0930D600223B41 /* NativeAdBigCell.swift */; };
		692A184C29FE5297003AA72E /* GoogleMobileAds in Frameworks */ = {isa = PBXBuildFile; productRef = 692A184B29FE5297003AA72E /* GoogleMobileAds */; };
		692A184F29FE53EB003AA72E /* FirebaseAnalytics in Frameworks */ = {isa = PBXBuildFile; productRef = 692A184E29FE53EB003AA72E /* FirebaseAnalytics */; };
		692A185129FE53EB003AA72E /* FirebaseDatabase in Frameworks */ = {isa = PBXBuildFile; productRef = 692A185029FE53EB003AA72E /* FirebaseDatabase */; };
		692A185329FE53EC003AA72E /* FirebaseInAppMessaging-Beta in Frameworks */ = {isa = PBXBuildFile; productRef = 692A185229FE53EC003AA72E /* FirebaseInAppMessaging-Beta */; };
		692A185529FE53EC003AA72E /* FirebaseRemoteConfig in Frameworks */ = {isa = PBXBuildFile; productRef = 692A185429FE53EC003AA72E /* FirebaseRemoteConfig */; };
		692A185729FECB52003AA72E /* JobListCell.swift in Sources */ = {isa = PBXBuildFile; fileRef = 692A185629FECB52003AA72E /* JobListCell.swift */; };
		6930DBD72B477A0D001814A1 /* SubscriptionViewController.swift in Sources */ = {isa = PBXBuildFile; fileRef = 6930DBD62B477A0D001814A1 /* SubscriptionViewController.swift */; };
		6938FC0E2B52EAC500F43FAD /* PurchaseManager.swift in Sources */ = {isa = PBXBuildFile; fileRef = 6938FC0D2B52EAC500F43FAD /* PurchaseManager.swift */; };
		694CE8C423D9714F0058E3B1 /* BasePayPopUpViewController.swift in Sources */ = {isa = PBXBuildFile; fileRef = 694CE8C323D9714F0058E3B1 /* BasePayPopUpViewController.swift */; };
		6952C8402BA2DEA000B5C847 /* BounceButton.swift in Sources */ = {isa = PBXBuildFile; fileRef = 6952C83F2BA2DEA000B5C847 /* BounceButton.swift */; };
		695C4E5523D6E857008A606B /* Setting2ViewController.swift in Sources */ = {isa = PBXBuildFile; fileRef = 695C4E5423D6E856008A606B /* Setting2ViewController.swift */; };
		697A5E9520D6FD4800951321 /* AppDelegate.swift in Sources */ = {isa = PBXBuildFile; fileRef = 697A5E9420D6FD4800951321 /* AppDelegate.swift */; };
		697A5E9720D6FD4800951321 /* MainViewController.swift in Sources */ = {isa = PBXBuildFile; fileRef = 697A5E9620D6FD4800951321 /* MainViewController.swift */; };
		697A5E9F20D6FD4F00951321 /* LaunchScreen.storyboard in Resources */ = {isa = PBXBuildFile; fileRef = 697A5E9D20D6FD4F00951321 /* LaunchScreen.storyboard */; };
		6984ABAE241D940F0017B1ED /* TaxBeforeAfterViewController.swift in Sources */ = {isa = PBXBuildFile; fileRef = 6984ABAD241D940F0017B1ED /* TaxBeforeAfterViewController.swift */; };
		69A8DF2520D78F9800158864 /* Vars.swift in Sources */ = {isa = PBXBuildFile; fileRef = 69A8DF2420D78F9800158864 /* Vars.swift */; };
		69A8DF2720D78FEB00158864 /* CalendarLineView.swift in Sources */ = {isa = PBXBuildFile; fileRef = 69A8DF2620D78FEB00158864 /* CalendarLineView.swift */; };
		69A8DF2920D7918E00158864 /* CalendarCollectionViewCell.swift in Sources */ = {isa = PBXBuildFile; fileRef = 69A8DF2820D7918E00158864 /* CalendarCollectionViewCell.swift */; };
		69A8DF3320D7B9A900158864 /* PayPopUpViewController.swift in Sources */ = {isa = PBXBuildFile; fileRef = 69A8DF2E20D7B9A900158864 /* PayPopUpViewController.swift */; };
		69A8DF3420D7B9A900158864 /* MemoPopUpViewController.swift in Sources */ = {isa = PBXBuildFile; fileRef = 69A8DF2F20D7B9A900158864 /* MemoPopUpViewController.swift */; };
		69A8DF3520D7B9A900158864 /* UnitOfWorkPopUpViewController.swift in Sources */ = {isa = PBXBuildFile; fileRef = 69A8DF3020D7B9A900158864 /* UnitOfWorkPopUpViewController.swift */; };
		69A8DF3620D7B9A900158864 /* YearMonthPopUpViewController.swift in Sources */ = {isa = PBXBuildFile; fileRef = 69A8DF3120D7B9A900158864 /* YearMonthPopUpViewController.swift */; };
		69ABC33024AB86EB0032FB06 /* AdRemovalViewController.swift in Sources */ = {isa = PBXBuildFile; fileRef = 69ABC32F24AB86EB0032FB06 /* AdRemovalViewController.swift */; };
		69ACEA3A2A10BC0E00952F7B /* remote_config_defaults.plist in Resources */ = {isa = PBXBuildFile; fileRef = 69ACEA392A10BC0E00952F7B /* remote_config_defaults.plist */; };
		69C3D53723E3580900082BC6 /* MoneyUnitViewController.swift in Sources */ = {isa = PBXBuildFile; fileRef = 69C3D53623E3580900082BC6 /* MoneyUnitViewController.swift */; };
		69D3746520E33FDC00B1C8B5 /* Main.storyboard in Resources */ = {isa = PBXBuildFile; fileRef = 697A5E9820D6FD4800951321 /* Main.storyboard */; };
		69D6E2F829FCE650008796EA /* JobListViewController.swift in Sources */ = {isa = PBXBuildFile; fileRef = 69D6E2F729FCE650008796EA /* JobListViewController.swift */; };
		69D6E2FA29FE4120008796EA /* JobInfo.swift in Sources */ = {isa = PBXBuildFile; fileRef = 69D6E2F929FE4120008796EA /* JobInfo.swift */; };
		69F4507A21B03E7600152812 /* DashBoardCell.swift in Sources */ = {isa = PBXBuildFile; fileRef = 69F4507921B03E7600152812 /* DashBoardCell.swift */; };
		69FC193B25FE934C00762DF0 /* CloudKit.framework in Frameworks */ = {isa = PBXBuildFile; fileRef = 69FC193A25FE934C00762DF0 /* CloudKit.framework */; };
		69FC999A2A0A396800752BFA /* JobDetailViewController.swift in Sources */ = {isa = PBXBuildFile; fileRef = 69FC99992A0A396800752BFA /* JobDetailViewController.swift */; };
/* End PBXBuildFile section */

/* Begin PBXFileReference section */
		6908F08420D78D850046F806 /* CalendarViewController.swift */ = {isa = PBXFileReference; fileEncoding = 4; lastKnownFileType = sourcecode.swift; path = CalendarViewController.swift; sourceTree = "<group>"; };
		6908F08620D78DC00046F806 /* Item.swift */ = {isa = PBXFileReference; fileEncoding = 4; lastKnownFileType = sourcecode.swift; path = Item.swift; sourceTree = "<group>"; };
		6908F08820D78DD60046F806 /* UPCarouselFlowLayout.swift */ = {isa = PBXFileReference; fileEncoding = 4; lastKnownFileType = sourcecode.swift; path = UPCarouselFlowLayout.swift; sourceTree = "<group>"; };
		6908F08920D78DD60046F806 /* PopupDelegate.swift */ = {isa = PBXFileReference; fileEncoding = 4; lastKnownFileType = sourcecode.swift; path = PopupDelegate.swift; sourceTree = "<group>"; };
		6908F08A20D78DD60046F806 /* CalendarDelegate.swift */ = {isa = PBXFileReference; fileEncoding = 4; lastKnownFileType = sourcecode.swift; path = CalendarDelegate.swift; sourceTree = "<group>"; };
		691AD8BF262043EB00EE6F95 /* BackupRestoreViewController.swift */ = {isa = PBXFileReference; lastKnownFileType = sourcecode.swift; path = BackupRestoreViewController.swift; sourceTree = "<group>"; };
		69225F4C22D5FB9600A6109A /* Assets.xcassets */ = {isa = PBXFileReference; lastKnownFileType = folder.assetcatalog; path = Assets.xcassets; sourceTree = "<group>"; };
		69229C2C2678BCAD001CF217 /* GoogleService-Info.plist */ = {isa = PBXFileReference; fileEncoding = 4; lastKnownFileType = text.plist.xml; path = "GoogleService-Info.plist"; sourceTree = "<group>"; };
		692313DE238EAB9A00684D43 /* Base */ = {isa = PBXFileReference; lastKnownFileType = file.storyboard; name = Base; path = Base.lproj/Main.storyboard; sourceTree = "<group>"; };
		692313DF238EAB9B00684D43 /* Base */ = {isa = PBXFileReference; lastKnownFileType = file.storyboard; name = Base; path = Base.lproj/LaunchScreen.storyboard; sourceTree = "<group>"; };
		692A15172B0928BC00223B41 /* NewsListViewController.swift */ = {isa = PBXFileReference; lastKnownFileType = sourcecode.swift; path = NewsListViewController.swift; sourceTree = "<group>"; };
		692A15192B0928EE00223B41 /* NewsInfo.swift */ = {isa = PBXFileReference; lastKnownFileType = sourcecode.swift; path = NewsInfo.swift; sourceTree = "<group>"; };
		692A151B2B0929EA00223B41 /* NewsListCell.swift */ = {isa = PBXFileReference; lastKnownFileType = sourcecode.swift; path = NewsListCell.swift; sourceTree = "<group>"; };
		692A151D2B092A7A00223B41 /* NewsDetailViewController.swift */ = {isa = PBXFileReference; lastKnownFileType = sourcecode.swift; path = NewsDetailViewController.swift; sourceTree = "<group>"; };
		692A151F2B092B9C00223B41 /* NewsListBigImageCell.swift */ = {isa = PBXFileReference; lastKnownFileType = sourcecode.swift; path = NewsListBigImageCell.swift; sourceTree = "<group>"; };
		692A15232B092DA700223B41 /* NewsListBigImageCell.xib */ = {isa = PBXFileReference; lastKnownFileType = file.xib; path = NewsListBigImageCell.xib; sourceTree = "<group>"; };
		692A15252B09300B00223B41 /* NativeAdBigCell.xib */ = {isa = PBXFileReference; lastKnownFileType = file.xib; path = NativeAdBigCell.xib; sourceTree = "<group>"; };
		692A15272B09307500223B41 /* NativeAdCell.xib */ = {isa = PBXFileReference; lastKnownFileType = file.xib; path = NativeAdCell.xib; sourceTree = "<group>"; };
		692A15292B0930D600223B41 /* NativeAdBigCell.swift */ = {isa = PBXFileReference; lastKnownFileType = sourcecode.swift; path = NativeAdBigCell.swift; sourceTree = "<group>"; };
		692A185629FECB52003AA72E /* JobListCell.swift */ = {isa = PBXFileReference; lastKnownFileType = sourcecode.swift; path = JobListCell.swift; sourceTree = "<group>"; };
		6930DBD62B477A0D001814A1 /* SubscriptionViewController.swift */ = {isa = PBXFileReference; lastKnownFileType = sourcecode.swift; path = SubscriptionViewController.swift; sourceTree = "<group>"; };
		6938FC0D2B52EAC500F43FAD /* PurchaseManager.swift */ = {isa = PBXFileReference; lastKnownFileType = sourcecode.swift; path = PurchaseManager.swift; sourceTree = "<group>"; };
		6949F63D2B7F541F0042B936 /* Products.storekit */ = {isa = PBXFileReference; lastKnownFileType = text; path = Products.storekit; sourceTree = "<group>"; };
		694CE8C323D9714F0058E3B1 /* BasePayPopUpViewController.swift */ = {isa = PBXFileReference; lastKnownFileType = sourcecode.swift; path = BasePayPopUpViewController.swift; sourceTree = "<group>"; };
		6952C83F2BA2DEA000B5C847 /* BounceButton.swift */ = {isa = PBXFileReference; lastKnownFileType = sourcecode.swift; path = BounceButton.swift; sourceTree = "<group>"; };
		695C4E5423D6E856008A606B /* Setting2ViewController.swift */ = {isa = PBXFileReference; lastKnownFileType = sourcecode.swift; path = Setting2ViewController.swift; sourceTree = "<group>"; };
		697A5E9120D6FD4800951321 /* Calculendar.app */ = {isa = PBXFileReference; explicitFileType = wrapper.application; includeInIndex = 0; path = Calculendar.app; sourceTree = BUILT_PRODUCTS_DIR; };
		697A5E9420D6FD4800951321 /* AppDelegate.swift */ = {isa = PBXFileReference; lastKnownFileType = sourcecode.swift; path = AppDelegate.swift; sourceTree = "<group>"; };
		697A5E9620D6FD4800951321 /* MainViewController.swift */ = {isa = PBXFileReference; lastKnownFileType = sourcecode.swift; path = MainViewController.swift; sourceTree = "<group>"; };
		697A5EA020D6FD4F00951321 /* Info.plist */ = {isa = PBXFileReference; lastKnownFileType = text.plist.xml; path = Info.plist; sourceTree = "<group>"; };
		6984ABAD241D940F0017B1ED /* TaxBeforeAfterViewController.swift */ = {isa = PBXFileReference; lastKnownFileType = sourcecode.swift; path = TaxBeforeAfterViewController.swift; sourceTree = "<group>"; };
		699A1AB02B65CCCB00BFCA26 /* StoreKitTest.framework */ = {isa = PBXFileReference; lastKnownFileType = wrapper.framework; name = StoreKitTest.framework; path = Platforms/iPhoneOS.platform/Developer/Library/Frameworks/StoreKitTest.framework; sourceTree = DEVELOPER_DIR; };
		69A8DF2420D78F9800158864 /* Vars.swift */ = {isa = PBXFileReference; fileEncoding = 4; lastKnownFileType = sourcecode.swift; path = Vars.swift; sourceTree = "<group>"; };
		69A8DF2620D78FEB00158864 /* CalendarLineView.swift */ = {isa = PBXFileReference; fileEncoding = 4; lastKnownFileType = sourcecode.swift; path = CalendarLineView.swift; sourceTree = "<group>"; };
		69A8DF2820D7918E00158864 /* CalendarCollectionViewCell.swift */ = {isa = PBXFileReference; fileEncoding = 4; lastKnownFileType = sourcecode.swift; path = CalendarCollectionViewCell.swift; sourceTree = "<group>"; };
		69A8DF2E20D7B9A900158864 /* PayPopUpViewController.swift */ = {isa = PBXFileReference; fileEncoding = 4; lastKnownFileType = sourcecode.swift; path = PayPopUpViewController.swift; sourceTree = "<group>"; };
		69A8DF2F20D7B9A900158864 /* MemoPopUpViewController.swift */ = {isa = PBXFileReference; fileEncoding = 4; lastKnownFileType = sourcecode.swift; path = MemoPopUpViewController.swift; sourceTree = "<group>"; };
		69A8DF3020D7B9A900158864 /* UnitOfWorkPopUpViewController.swift */ = {isa = PBXFileReference; fileEncoding = 4; lastKnownFileType = sourcecode.swift; path = UnitOfWorkPopUpViewController.swift; sourceTree = "<group>"; };
		69A8DF3120D7B9A900158864 /* YearMonthPopUpViewController.swift */ = {isa = PBXFileReference; fileEncoding = 4; lastKnownFileType = sourcecode.swift; path = YearMonthPopUpViewController.swift; sourceTree = "<group>"; };
		69ABC32F24AB86EB0032FB06 /* AdRemovalViewController.swift */ = {isa = PBXFileReference; lastKnownFileType = sourcecode.swift; path = AdRemovalViewController.swift; sourceTree = "<group>"; };
		69ACEA392A10BC0E00952F7B /* remote_config_defaults.plist */ = {isa = PBXFileReference; lastKnownFileType = text.plist; path = remote_config_defaults.plist; sourceTree = SOURCE_ROOT; };
		69C3D53623E3580900082BC6 /* MoneyUnitViewController.swift */ = {isa = PBXFileReference; lastKnownFileType = sourcecode.swift; path = MoneyUnitViewController.swift; sourceTree = "<group>"; };
		69D6E2F729FCE650008796EA /* JobListViewController.swift */ = {isa = PBXFileReference; lastKnownFileType = sourcecode.swift; path = JobListViewController.swift; sourceTree = "<group>"; };
		69D6E2F929FE4120008796EA /* JobInfo.swift */ = {isa = PBXFileReference; lastKnownFileType = sourcecode.swift; path = JobInfo.swift; sourceTree = "<group>"; };
		69EF859C249DEFF700E643FE /* StoreKit.framework */ = {isa = PBXFileReference; lastKnownFileType = wrapper.framework; name = StoreKit.framework; path = System/Library/Frameworks/StoreKit.framework; sourceTree = SDKROOT; };
		69F4507921B03E7600152812 /* DashBoardCell.swift */ = {isa = PBXFileReference; lastKnownFileType = sourcecode.swift; path = DashBoardCell.swift; sourceTree = "<group>"; };
		69FC193925FE92AE00762DF0 /* Calculendar.entitlements */ = {isa = PBXFileReference; lastKnownFileType = text.plist.entitlements; path = Calculendar.entitlements; sourceTree = "<group>"; };
		69FC193A25FE934C00762DF0 /* CloudKit.framework */ = {isa = PBXFileReference; lastKnownFileType = wrapper.framework; name = CloudKit.framework; path = System/Library/Frameworks/CloudKit.framework; sourceTree = SDKROOT; };
		69FC99992A0A396800752BFA /* JobDetailViewController.swift */ = {isa = PBXFileReference; lastKnownFileType = sourcecode.swift; path = JobDetailViewController.swift; sourceTree = "<group>"; };
/* End PBXFileReference section */

/* Begin PBXFrameworksBuildPhase section */
		697A5E8E20D6FD4800951321 /* Frameworks */ = {
			isa = PBXFrameworksBuildPhase;
			buildActionMask = 2147483647;
			files = (
				692A185129FE53EB003AA72E /* FirebaseDatabase in Frameworks */,
				692A184C29FE5297003AA72E /* GoogleMobileAds in Frameworks */,
				69FC193B25FE934C00762DF0 /* CloudKit.framework in Frameworks */,
				692A185529FE53EC003AA72E /* FirebaseRemoteConfig in Frameworks */,
				692A184F29FE53EB003AA72E /* FirebaseAnalytics in Frameworks */,
				692A185329FE53EC003AA72E /* FirebaseInAppMessaging-Beta in Frameworks */,
			);
			runOnlyForDeploymentPostprocessing = 0;
		};
/* End PBXFrameworksBuildPhase section */

/* Begin PBXGroup section */
		1D80CD26B4B3D4AD25FAB30A /* Frameworks */ = {
			isa = PBXGroup;
			children = (
				699A1AB02B65CCCB00BFCA26 /* StoreKitTest.framework */,
				69FC193A25FE934C00762DF0 /* CloudKit.framework */,
				69EF859C249DEFF700E643FE /* StoreKit.framework */,
			);
			name = Frameworks;
			sourceTree = "<group>";
		};
		697A5E8820D6FD4800951321 = {
			isa = PBXGroup;
			children = (
				697A5E9320D6FD4800951321 /* Calculendar */,
				697A5E9220D6FD4800951321 /* Products */,
				1D80CD26B4B3D4AD25FAB30A /* Frameworks */,
			);
			sourceTree = "<group>";
		};
		697A5E9220D6FD4800951321 /* Products */ = {
			isa = PBXGroup;
			children = (
				697A5E9120D6FD4800951321 /* Calculendar.app */,
			);
			name = Products;
			sourceTree = "<group>";
		};
		697A5E9320D6FD4800951321 /* Calculendar */ = {
			isa = PBXGroup;
			children = (
				69FC193925FE92AE00762DF0 /* Calculendar.entitlements */,
				69A8DF2320D78F6400158864 /* Controller */,
				69A8DF2220D78F4800158864 /* View */,
				69A8DF2120D78EE300158864 /* Data Model */,
				69A8DF2020D78EAC00158864 /* Supporting Files */,
				697A5EA020D6FD4F00951321 /* Info.plist */,
				69229C2C2678BCAD001CF217 /* GoogleService-Info.plist */,
				69ACEA392A10BC0E00952F7B /* remote_config_defaults.plist */,
			);
			path = Calculendar;
			sourceTree = "<group>";
		};
		69A8DF2020D78EAC00158864 /* Supporting Files */ = {
			isa = PBXGroup;
			children = (
				6908F08A20D78DD60046F806 /* CalendarDelegate.swift */,
				6908F08920D78DD60046F806 /* PopupDelegate.swift */,
				6908F08820D78DD60046F806 /* UPCarouselFlowLayout.swift */,
				6952C83F2BA2DEA000B5C847 /* BounceButton.swift */,
				697A5E9420D6FD4800951321 /* AppDelegate.swift */,
				69225F4C22D5FB9600A6109A /* Assets.xcassets */,
				6949F63D2B7F541F0042B936 /* Products.storekit */,
			);
			path = "Supporting Files";
			sourceTree = "<group>";
		};
		69A8DF2120D78EE300158864 /* Data Model */ = {
			isa = PBXGroup;
			children = (
				6908F08620D78DC00046F806 /* Item.swift */,
				69D6E2F929FE4120008796EA /* JobInfo.swift */,
				692A15192B0928EE00223B41 /* NewsInfo.swift */,
			);
			path = "Data Model";
			sourceTree = "<group>";
		};
		69A8DF2220D78F4800158864 /* View */ = {
			isa = PBXGroup;
			children = (
				697A5E9820D6FD4800951321 /* Main.storyboard */,
				697A5E9D20D6FD4F00951321 /* LaunchScreen.storyboard */,
				692A15232B092DA700223B41 /* NewsListBigImageCell.xib */,
				692A15272B09307500223B41 /* NativeAdCell.xib */,
				692A15252B09300B00223B41 /* NativeAdBigCell.xib */,
				69F4507921B03E7600152812 /* DashBoardCell.swift */,
				692A185629FECB52003AA72E /* JobListCell.swift */,
				69A8DF2820D7918E00158864 /* CalendarCollectionViewCell.swift */,
				69A8DF2620D78FEB00158864 /* CalendarLineView.swift */,
				692A151B2B0929EA00223B41 /* NewsListCell.swift */,
				692A151F2B092B9C00223B41 /* NewsListBigImageCell.swift */,
				692A15292B0930D600223B41 /* NativeAdBigCell.swift */,
			);
			path = View;
			sourceTree = "<group>";
		};
		69A8DF2320D78F6400158864 /* Controller */ = {
			isa = PBXGroup;
			children = (
				697A5E9620D6FD4800951321 /* MainViewController.swift */,
				6984ABAD241D940F0017B1ED /* TaxBeforeAfterViewController.swift */,
				6908F08420D78D850046F806 /* CalendarViewController.swift */,
				69A8DF3120D7B9A900158864 /* YearMonthPopUpViewController.swift */,
				69A8DF2E20D7B9A900158864 /* PayPopUpViewController.swift */,
				69A8DF2F20D7B9A900158864 /* MemoPopUpViewController.swift */,
				69A8DF3020D7B9A900158864 /* UnitOfWorkPopUpViewController.swift */,
				695C4E5423D6E856008A606B /* Setting2ViewController.swift */,
				694CE8C323D9714F0058E3B1 /* BasePayPopUpViewController.swift */,
				69C3D53623E3580900082BC6 /* MoneyUnitViewController.swift */,
				69ABC32F24AB86EB0032FB06 /* AdRemovalViewController.swift */,
				691AD8BF262043EB00EE6F95 /* BackupRestoreViewController.swift */,
				69D6E2F729FCE650008796EA /* JobListViewController.swift */,
				69FC99992A0A396800752BFA /* JobDetailViewController.swift */,
				692A15172B0928BC00223B41 /* NewsListViewController.swift */,
				692A151D2B092A7A00223B41 /* NewsDetailViewController.swift */,
				6930DBD62B477A0D001814A1 /* SubscriptionViewController.swift */,
				6938FC0D2B52EAC500F43FAD /* PurchaseManager.swift */,
				69A8DF2420D78F9800158864 /* Vars.swift */,
			);
			path = Controller;
			sourceTree = "<group>";
		};
/* End PBXGroup section */

/* Begin PBXNativeTarget section */
		697A5E9020D6FD4800951321 /* Calculendar */ = {
			isa = PBXNativeTarget;
			buildConfigurationList = 697A5EA320D6FD4F00951321 /* Build configuration list for PBXNativeTarget "Calculendar" */;
			buildPhases = (
				697A5E8D20D6FD4800951321 /* Sources */,
				697A5E8E20D6FD4800951321 /* Frameworks */,
				697A5E8F20D6FD4800951321 /* Resources */,
			);
			buildRules = (
			);
			dependencies = (
			);
			name = Calculendar;
			packageProductDependencies = (
				692A184B29FE5297003AA72E /* GoogleMobileAds */,
				692A184E29FE53EB003AA72E /* FirebaseAnalytics */,
				692A185029FE53EB003AA72E /* FirebaseDatabase */,
				692A185229FE53EC003AA72E /* FirebaseInAppMessaging-Beta */,
				692A185429FE53EC003AA72E /* FirebaseRemoteConfig */,
			);
			productName = Calculendar;
			productReference = 697A5E9120D6FD4800951321 /* Calculendar.app */;
			productType = "com.apple.product-type.application";
		};
/* End PBXNativeTarget section */

/* Begin PBXProject section */
		697A5E8920D6FD4800951321 /* Project object */ = {
			isa = PBXProject;
			attributes = {
				BuildIndependentTargetsInParallel = YES;
				KnownAssetTags = (
					New,
				);
				LastSwiftUpdateCheck = 0940;
				LastUpgradeCheck = 1520;
				ORGANIZATIONNAME = Jay;
				TargetAttributes = {
					697A5E9020D6FD4800951321 = {
						CreatedOnToolsVersion = 9.4.1;
						LastSwiftMigration = 1020;
						SystemCapabilities = {
							com.apple.iCloud = {
								enabled = 0;
							};
						};
					};
				};
			};
			buildConfigurationList = 697A5E8C20D6FD4800951321 /* Build configuration list for PBXProject "Calculendar" */;
			compatibilityVersion = "Xcode 9.3";
			developmentRegion = en;
			hasScannedForEncodings = 0;
			knownRegions = (
				en,
				ko,
				Base,
			);
			mainGroup = 697A5E8820D6FD4800951321;
			packageReferences = (
				692A184829FE4FCB003AA72E /* XCRemoteSwiftPackageReference "swift-package-manager-google-mobile-ads" */,
				692A184D29FE53EB003AA72E /* XCRemoteSwiftPackageReference "firebase-ios-sdk" */,
			);
			productRefGroup = 697A5E9220D6FD4800951321 /* Products */;
			projectDirPath = "";
			projectRoot = "";
			targets = (
				697A5E9020D6FD4800951321 /* Calculendar */,
			);
		};
/* End PBXProject section */

/* Begin PBXResourcesBuildPhase section */
		697A5E8F20D6FD4800951321 /* Resources */ = {
			isa = PBXResourcesBuildPhase;
			buildActionMask = 2147483647;
			files = (
				69ACEA3A2A10BC0E00952F7B /* remote_config_defaults.plist in Resources */,
				697A5E9F20D6FD4F00951321 /* LaunchScreen.storyboard in Resources */,
				69D3746520E33FDC00B1C8B5 /* Main.storyboard in Resources */,
				692A15262B09300B00223B41 /* NativeAdBigCell.xib in Resources */,
				692A15242B092DA700223B41 /* NewsListBigImageCell.xib in Resources */,
				692A15282B09307500223B41 /* NativeAdCell.xib in Resources */,
				69229C2D2678BCAD001CF217 /* GoogleService-Info.plist in Resources */,
				69225F4D22D5FB9600A6109A /* Assets.xcassets in Resources */,
			);
			runOnlyForDeploymentPostprocessing = 0;
		};
/* End PBXResourcesBuildPhase section */

/* Begin PBXSourcesBuildPhase section */
		697A5E8D20D6FD4800951321 /* Sources */ = {
			isa = PBXSourcesBuildPhase;
			buildActionMask = 2147483647;
			files = (
				6908F08720D78DC00046F806 /* Item.swift in Sources */,
				692A152A2B0930D600223B41 /* NativeAdBigCell.swift in Sources */,
				69A8DF3620D7B9A900158864 /* YearMonthPopUpViewController.swift in Sources */,
				69A8DF2520D78F9800158864 /* Vars.swift in Sources */,
				692A151E2B092A7A00223B41 /* NewsDetailViewController.swift in Sources */,
				6984ABAE241D940F0017B1ED /* TaxBeforeAfterViewController.swift in Sources */,
				69C3D53723E3580900082BC6 /* MoneyUnitViewController.swift in Sources */,
				6908F08520D78D850046F806 /* CalendarViewController.swift in Sources */,
				697A5E9720D6FD4800951321 /* MainViewController.swift in Sources */,
				69FC999A2A0A396800752BFA /* JobDetailViewController.swift in Sources */,
				69A8DF3520D7B9A900158864 /* UnitOfWorkPopUpViewController.swift in Sources */,
				69A8DF2920D7918E00158864 /* CalendarCollectionViewCell.swift in Sources */,
				692A15202B092B9C00223B41 /* NewsListBigImageCell.swift in Sources */,
				692A151C2B0929EA00223B41 /* NewsListCell.swift in Sources */,
				69A8DF3320D7B9A900158864 /* PayPopUpViewController.swift in Sources */,
				697A5E9520D6FD4800951321 /* AppDelegate.swift in Sources */,
				6908F08D20D78DD60046F806 /* CalendarDelegate.swift in Sources */,
				6908F08B20D78DD60046F806 /* UPCarouselFlowLayout.swift in Sources */,
				69A8DF3420D7B9A900158864 /* MemoPopUpViewController.swift in Sources */,
				69F4507A21B03E7600152812 /* DashBoardCell.swift in Sources */,
				695C4E5523D6E857008A606B /* Setting2ViewController.swift in Sources */,
				6908F08C20D78DD60046F806 /* PopupDelegate.swift in Sources */,
				694CE8C423D9714F0058E3B1 /* BasePayPopUpViewController.swift in Sources */,
				692A151A2B0928EE00223B41 /* NewsInfo.swift in Sources */,
				69D6E2F829FCE650008796EA /* JobListViewController.swift in Sources */,
				6952C8402BA2DEA000B5C847 /* BounceButton.swift in Sources */,
				692A185729FECB52003AA72E /* JobListCell.swift in Sources */,
				691AD8C0262043EB00EE6F95 /* BackupRestoreViewController.swift in Sources */,
				69ABC33024AB86EB0032FB06 /* AdRemovalViewController.swift in Sources */,
				6938FC0E2B52EAC500F43FAD /* PurchaseManager.swift in Sources */,
				69A8DF2720D78FEB00158864 /* CalendarLineView.swift in Sources */,
				69D6E2FA29FE4120008796EA /* JobInfo.swift in Sources */,
				6930DBD72B477A0D001814A1 /* SubscriptionViewController.swift in Sources */,
				692A15182B0928BC00223B41 /* NewsListViewController.swift in Sources */,
			);
			runOnlyForDeploymentPostprocessing = 0;
		};
/* End PBXSourcesBuildPhase section */

/* Begin PBXVariantGroup section */
		697A5E9820D6FD4800951321 /* Main.storyboard */ = {
			isa = PBXVariantGroup;
			children = (
				692313DE238EAB9A00684D43 /* Base */,
			);
			name = Main.storyboard;
			sourceTree = "<group>";
		};
		697A5E9D20D6FD4F00951321 /* LaunchScreen.storyboard */ = {
			isa = PBXVariantGroup;
			children = (
				692313DF238EAB9B00684D43 /* Base */,
			);
			name = LaunchScreen.storyboard;
			sourceTree = "<group>";
		};
/* End PBXVariantGroup section */

/* Begin XCBuildConfiguration section */
		697A5EA120D6FD4F00951321 /* Debug */ = {
			isa = XCBuildConfiguration;
			buildSettings = {
				ALWAYS_SEARCH_USER_PATHS = NO;
				ASSETCATALOG_COMPILER_GENERATE_SWIFT_ASSET_SYMBOL_EXTENSIONS = YES;
				CLANG_ANALYZER_LOCALIZABILITY_NONLOCALIZED = YES;
				CLANG_ANALYZER_NONNULL = YES;
				CLANG_ANALYZER_NUMBER_OBJECT_CONVERSION = YES_AGGRESSIVE;
				CLANG_CXX_LANGUAGE_STANDARD = "gnu++14";
				CLANG_CXX_LIBRARY = "libc++";
				CLANG_ENABLE_MODULES = YES;
				CLANG_ENABLE_OBJC_ARC = YES;
				CLANG_ENABLE_OBJC_WEAK = YES;
				CLANG_WARN_BLOCK_CAPTURE_AUTORELEASING = YES;
				CLANG_WARN_BOOL_CONVERSION = YES;
				CLANG_WARN_COMMA = YES;
				CLANG_WARN_CONSTANT_CONVERSION = YES;
				CLANG_WARN_DEPRECATED_OBJC_IMPLEMENTATIONS = YES;
				CLANG_WARN_DIRECT_OBJC_ISA_USAGE = YES_ERROR;
				CLANG_WARN_DOCUMENTATION_COMMENTS = YES;
				CLANG_WARN_EMPTY_BODY = YES;
				CLANG_WARN_ENUM_CONVERSION = YES;
				CLANG_WARN_INFINITE_RECURSION = YES;
				CLANG_WARN_INT_CONVERSION = YES;
				CLANG_WARN_NON_LITERAL_NULL_CONVERSION = YES;
				CLANG_WARN_OBJC_IMPLICIT_RETAIN_SELF = YES;
				CLANG_WARN_OBJC_LITERAL_CONVERSION = YES;
				CLANG_WARN_OBJC_ROOT_CLASS = YES_ERROR;
				CLANG_WARN_QUOTED_INCLUDE_IN_FRAMEWORK_HEADER = YES;
				CLANG_WARN_RANGE_LOOP_ANALYSIS = YES;
				CLANG_WARN_STRICT_PROTOTYPES = YES;
				CLANG_WARN_SUSPICIOUS_MOVE = YES;
				CLANG_WARN_UNGUARDED_AVAILABILITY = YES_AGGRESSIVE;
				CLANG_WARN_UNREACHABLE_CODE = YES;
				CLANG_WARN__DUPLICATE_METHOD_MATCH = YES;
				CODE_SIGN_IDENTITY = "iPhone Developer";
				COPY_PHASE_STRIP = NO;
				DEBUG_INFORMATION_FORMAT = dwarf;
				ENABLE_BITCODE = NO;
				ENABLE_STRICT_OBJC_MSGSEND = YES;
				ENABLE_TESTABILITY = YES;
				ENABLE_USER_SCRIPT_SANDBOXING = YES;
				FRAMEWORK_SEARCH_PATHS = "";
				GCC_C_LANGUAGE_STANDARD = gnu11;
				GCC_DYNAMIC_NO_PIC = NO;
				GCC_NO_COMMON_BLOCKS = YES;
				GCC_OPTIMIZATION_LEVEL = 0;
				GCC_PREPROCESSOR_DEFINITIONS = (
					"DEBUG=1",
					"$(inherited)",
				);
				GCC_WARN_64_TO_32_BIT_CONVERSION = YES;
				GCC_WARN_ABOUT_RETURN_TYPE = YES_ERROR;
				GCC_WARN_UNDECLARED_SELECTOR = YES;
				GCC_WARN_UNINITIALIZED_AUTOS = YES_AGGRESSIVE;
				GCC_WARN_UNUSED_FUNCTION = YES;
				GCC_WARN_UNUSED_VARIABLE = YES;
				IPHONEOS_DEPLOYMENT_TARGET = 15.0;
				MTL_ENABLE_DEBUG_INFO = YES;
				ONLY_ACTIVE_ARCH = YES;
				SDKROOT = iphoneos;
				SWIFT_ACTIVE_COMPILATION_CONDITIONS = DEBUG;
				SWIFT_OPTIMIZATION_LEVEL = "-Onone";
			};
			name = Debug;
		};
		697A5EA220D6FD4F00951321 /* Release */ = {
			isa = XCBuildConfiguration;
			buildSettings = {
				ALWAYS_SEARCH_USER_PATHS = NO;
				ASSETCATALOG_COMPILER_GENERATE_SWIFT_ASSET_SYMBOL_EXTENSIONS = YES;
				CLANG_ANALYZER_LOCALIZABILITY_NONLOCALIZED = YES;
				CLANG_ANALYZER_NONNULL = YES;
				CLANG_ANALYZER_NUMBER_OBJECT_CONVERSION = YES_AGGRESSIVE;
				CLANG_CXX_LANGUAGE_STANDARD = "gnu++14";
				CLANG_CXX_LIBRARY = "libc++";
				CLANG_ENABLE_MODULES = YES;
				CLANG_ENABLE_OBJC_ARC = YES;
				CLANG_ENABLE_OBJC_WEAK = YES;
				CLANG_WARN_BLOCK_CAPTURE_AUTORELEASING = YES;
				CLANG_WARN_BOOL_CONVERSION = YES;
				CLANG_WARN_COMMA = YES;
				CLANG_WARN_CONSTANT_CONVERSION = YES;
				CLANG_WARN_DEPRECATED_OBJC_IMPLEMENTATIONS = YES;
				CLANG_WARN_DIRECT_OBJC_ISA_USAGE = YES_ERROR;
				CLANG_WARN_DOCUMENTATION_COMMENTS = YES;
				CLANG_WARN_EMPTY_BODY = YES;
				CLANG_WARN_ENUM_CONVERSION = YES;
				CLANG_WARN_INFINITE_RECURSION = YES;
				CLANG_WARN_INT_CONVERSION = YES;
				CLANG_WARN_NON_LITERAL_NULL_CONVERSION = YES;
				CLANG_WARN_OBJC_IMPLICIT_RETAIN_SELF = YES;
				CLANG_WARN_OBJC_LITERAL_CONVERSION = YES;
				CLANG_WARN_OBJC_ROOT_CLASS = YES_ERROR;
				CLANG_WARN_QUOTED_INCLUDE_IN_FRAMEWORK_HEADER = YES;
				CLANG_WARN_RANGE_LOOP_ANALYSIS = YES;
				CLANG_WARN_STRICT_PROTOTYPES = YES;
				CLANG_WARN_SUSPICIOUS_MOVE = YES;
				CLANG_WARN_UNGUARDED_AVAILABILITY = YES_AGGRESSIVE;
				CLANG_WARN_UNREACHABLE_CODE = YES;
				CLANG_WARN__DUPLICATE_METHOD_MATCH = YES;
				CODE_SIGN_IDENTITY = "iPhone Developer";
				COPY_PHASE_STRIP = NO;
				DEBUG_INFORMATION_FORMAT = "dwarf-with-dsym";
				ENABLE_BITCODE = NO;
				ENABLE_NS_ASSERTIONS = NO;
				ENABLE_STRICT_OBJC_MSGSEND = YES;
				ENABLE_USER_SCRIPT_SANDBOXING = YES;
				FRAMEWORK_SEARCH_PATHS = "";
				GCC_C_LANGUAGE_STANDARD = gnu11;
				GCC_NO_COMMON_BLOCKS = YES;
				GCC_WARN_64_TO_32_BIT_CONVERSION = YES;
				GCC_WARN_ABOUT_RETURN_TYPE = YES_ERROR;
				GCC_WARN_UNDECLARED_SELECTOR = YES;
				GCC_WARN_UNINITIALIZED_AUTOS = YES_AGGRESSIVE;
				GCC_WARN_UNUSED_FUNCTION = YES;
				GCC_WARN_UNUSED_VARIABLE = YES;
				IPHONEOS_DEPLOYMENT_TARGET = 15.0;
				MTL_ENABLE_DEBUG_INFO = NO;
				ONLY_ACTIVE_ARCH = NO;
				SDKROOT = iphoneos;
				SWIFT_COMPILATION_MODE = wholemodule;
				SWIFT_OPTIMIZATION_LEVEL = "-O";
				VALIDATE_PRODUCT = YES;
			};
			name = Release;
		};
		697A5EA420D6FD4F00951321 /* Debug */ = {
			isa = XCBuildConfiguration;
			buildSettings = {
				ASSETCATALOG_COMPILER_APPICON_NAME = AppIcon;
				CODE_SIGN_ENTITLEMENTS = Calculendar/Calculendar.entitlements;
				CODE_SIGN_STYLE = Automatic;
				CURRENT_PROJECT_VERSION = 1;
				DEVELOPMENT_TEAM = G5C8AQ6V38;
				FRAMEWORK_SEARCH_PATHS = "$(inherited)";
				INFOPLIST_FILE = Calculendar/Info.plist;
				IPHONEOS_DEPLOYMENT_TARGET = 15.0;
				LD_RUNPATH_SEARCH_PATHS = (
					"$(inherited)",
					"@executable_path/Frameworks",
				);
				MARKETING_VERSION = 3.5;
				OTHER_LDFLAGS = "-ObjC";
				PRODUCT_BUNDLE_IDENTIFIER = com.Jay.Calculendar;
				PRODUCT_NAME = "$(TARGET_NAME)";
				SWIFT_VERSION = 5.0;
				TARGETED_DEVICE_FAMILY = 1;
			};
			name = Debug;
		};
		697A5EA520D6FD4F00951321 /* Release */ = {
			isa = XCBuildConfiguration;
			buildSettings = {
				ASSETCATALOG_COMPILER_APPICON_NAME = AppIcon;
				CODE_SIGN_ENTITLEMENTS = Calculendar/Calculendar.entitlements;
				CODE_SIGN_STYLE = Automatic;
				CURRENT_PROJECT_VERSION = 1;
				DEVELOPMENT_TEAM = G5C8AQ6V38;
				FRAMEWORK_SEARCH_PATHS = "$(inherited)";
				INFOPLIST_FILE = Calculendar/Info.plist;
				IPHONEOS_DEPLOYMENT_TARGET = 15.0;
				LD_RUNPATH_SEARCH_PATHS = (
					"$(inherited)",
					"@executable_path/Frameworks",
				);
				MARKETING_VERSION = 3.5;
				OTHER_LDFLAGS = "-ObjC";
				PRODUCT_BUNDLE_IDENTIFIER = com.Jay.Calculendar;
				PRODUCT_NAME = "$(TARGET_NAME)";
				SWIFT_VERSION = 5.0;
				TARGETED_DEVICE_FAMILY = 1;
			};
			name = Release;
		};
/* End XCBuildConfiguration section */

/* Begin XCConfigurationList section */
		697A5E8C20D6FD4800951321 /* Build configuration list for PBXProject "Calculendar" */ = {
			isa = XCConfigurationList;
			buildConfigurations = (
				697A5EA120D6FD4F00951321 /* Debug */,
				697A5EA220D6FD4F00951321 /* Release */,
			);
			defaultConfigurationIsVisible = 0;
			defaultConfigurationName = Release;
		};
		697A5EA320D6FD4F00951321 /* Build configuration list for PBXNativeTarget "Calculendar" */ = {
			isa = XCConfigurationList;
			buildConfigurations = (
				697A5EA420D6FD4F00951321 /* Debug */,
				697A5EA520D6FD4F00951321 /* Release */,
			);
			defaultConfigurationIsVisible = 0;
			defaultConfigurationName = Release;
		};
/* End XCConfigurationList section */

/* Begin XCRemoteSwiftPackageReference section */
		692A184829FE4FCB003AA72E /* XCRemoteSwiftPackageReference "swift-package-manager-google-mobile-ads" */ = {
			isa = XCRemoteSwiftPackageReference;
			repositoryURL = "https://github.com/googleads/swift-package-manager-google-mobile-ads.git";
			requirement = {
				kind = upToNextMajorVersion;
				minimumVersion = 10.0.0;
			};
		};
		692A184D29FE53EB003AA72E /* XCRemoteSwiftPackageReference "firebase-ios-sdk" */ = {
			isa = XCRemoteSwiftPackageReference;
			repositoryURL = "https://github.com/firebase/firebase-ios-sdk";
			requirement = {
				kind = upToNextMinorVersion;
				minimumVersion = 10.9.0;
			};
		};
/* End XCRemoteSwiftPackageReference section */

/* Begin XCSwiftPackageProductDependency section */
		692A184B29FE5297003AA72E /* GoogleMobileAds */ = {
			isa = XCSwiftPackageProductDependency;
			package = 692A184829FE4FCB003AA72E /* XCRemoteSwiftPackageReference "swift-package-manager-google-mobile-ads" */;
			productName = GoogleMobileAds;
		};
		692A184E29FE53EB003AA72E /* FirebaseAnalytics */ = {
			isa = XCSwiftPackageProductDependency;
			package = 692A184D29FE53EB003AA72E /* XCRemoteSwiftPackageReference "firebase-ios-sdk" */;
			productName = FirebaseAnalytics;
		};
		692A185029FE53EB003AA72E /* FirebaseDatabase */ = {
			isa = XCSwiftPackageProductDependency;
			package = 692A184D29FE53EB003AA72E /* XCRemoteSwiftPackageReference "firebase-ios-sdk" */;
			productName = FirebaseDatabase;
		};
		692A185229FE53EC003AA72E /* FirebaseInAppMessaging-Beta */ = {
			isa = XCSwiftPackageProductDependency;
			package = 692A184D29FE53EB003AA72E /* XCRemoteSwiftPackageReference "firebase-ios-sdk" */;
			productName = "FirebaseInAppMessaging-Beta";
		};
		692A185429FE53EC003AA72E /* FirebaseRemoteConfig */ = {
			isa = XCSwiftPackageProductDependency;
			package = 692A184D29FE53EB003AA72E /* XCRemoteSwiftPackageReference "firebase-ios-sdk" */;
			productName = FirebaseRemoteConfig;
		};
/* End XCSwiftPackageProductDependency section */
	};
	rootObject = 697A5E8920D6FD4800951321 /* Project object */;
}
